
Microsoft Visual Studio Solution File, Format Version 12.00
# Visual Studio 15
Project("{FAE04EC0-301F-11D3-BF4B-00C04F79EFBC}") = "App01_LayoutXF.Android", "App01_LayoutXF.Android\App01_LayoutXF.Android.csproj", "{99DC0F1B-05C2-438F-8522-67CA059B5068}"
EndProject
Project("{FAE04EC0-301F-11D3-BF4B-00C04F79EFBC}") = "App01_LayoutXF.iOS", "App01_LayoutXF.iOS\App01_LayoutXF.iOS.csproj", "{568D7DEA-A8EC-43B0-984C-D35EAEB69082}"
EndProject
Project("{FAE04EC0-301F-11D3-BF4B-00C04F79EFBC}") = "App01_LayoutXF", "App01_LayoutXF\App01_LayoutXF.csproj", "{24BD0715-E8BC-41E9-B69A-861592F19340}"
EndProject
Global
	GlobalSection(SolutionConfigurationPlatforms) = preSolution
		Debug|Any CPU = Debug|Any CPU
		Release|Any CPU = Release|Any CPU
		Debug|iPhoneSimulator = Debug|iPhoneSimulator
		Release|iPhoneSimulator = Release|iPhoneSimulator
		Debug|iPhone = Debug|iPhone
		Release|iPhone = Release|iPhone
	EndGlobalSection
	GlobalSection(ProjectConfigurationPlatforms) = postSolution
		{99DC0F1B-05C2-438F-8522-67CA059B5068}.Debug|Any CPU.ActiveCfg = Debug|Any CPU
		{99DC0F1B-05C2-438F-8522-67CA059B5068}.Debug|Any CPU.Build.0 = Debug|Any CPU
		{99DC0F1B-05C2-438F-8522-67CA059B5068}.Release|Any CPU.ActiveCfg = Release|Any CPU
		{99DC0F1B-05C2-438F-8522-67CA059B5068}.Release|Any CPU.Build.0 = Release|Any CPU
		{99DC0F1B-05C2-438F-8522-67CA059B5068}.Debug|iPhoneSimulator.ActiveCfg = Debug|Any CPU
		{99DC0F1B-05C2-438F-8522-67CA059B5068}.Debug|iPhoneSimulator.Build.0 = Debug|Any CPU
		{99DC0F1B-05C2-438F-8522-67CA059B5068}.Release|iPhoneSimulator.ActiveCfg = Release|Any CPU
		{99DC0F1B-05C2-438F-8522-67CA059B5068}.Release|iPhoneSimulator.Build.0 = Release|Any CPU
		{99DC0F1B-05C2-438F-8522-67CA059B5068}.Debug|iPhone.ActiveCfg = Debug|Any CPU
		{99DC0F1B-05C2-438F-8522-67CA059B5068}.Debug|iPhone.Build.0 = Debug|Any CPU
		{99DC0F1B-05C2-438F-8522-67CA059B5068}.Release|iPhone.ActiveCfg = Release|Any CPU
		{99DC0F1B-05C2-438F-8522-67CA059B5068}.Release|iPhone.Build.0 = Release|Any CPU
		{568D7DEA-A8EC-43B0-984C-D35EAEB69082}.Debug|Any CPU.ActiveCfg = Debug|iPhoneSimulator
		{568D7DEA-A8EC-43B0-984C-D35EAEB69082}.Debug|Any CPU.Build.0 = Debug|iPhoneSimulator
		{568D7DEA-A8EC-43B0-984C-D35EAEB69082}.Release|Any CPU.ActiveCfg = Release|iPhoneSimulator
		{568D7DEA-A8EC-43B0-984C-D35EAEB69082}.Release|Any CPU.Build.0 = Release|iPhoneSimulator
		{568D7DEA-A8EC-43B0-984C-D35EAEB69082}.Debug|iPhoneSimulator.ActiveCfg = Debug|iPhoneSimulator
		{568D7DEA-A8EC-43B0-984C-D35EAEB69082}.Debug|iPhoneSimulator.Build.0 = Debug|iPhoneSimulator
		{568D7DEA-A8EC-43B0-984C-D35EAEB69082}.Release|iPhoneSimulator.ActiveCfg = Release|iPhoneSimulator
		{568D7DEA-A8EC-43B0-984C-D35EAEB69082}.Release|iPhoneSimulator.Build.0 = Release|iPhoneSimulator
		{568D7DEA-A8EC-43B0-984C-D35EAEB69082}.Debug|iPhone.ActiveCfg = Debug|iPhone
		{568D7DEA-A8EC-43B0-984C-D35EAEB69082}.Debug|iPhone.Build.0 = Debug|iPhone
		{568D7DEA-A8EC-43B0-984C-D35EAEB69082}.Release|iPhone.ActiveCfg = Release|iPhone
		{568D7DEA-A8EC-43B0-984C-D35EAEB69082}.Release|iPhone.Build.0 = Release|iPhone
		{24BD0715-E8BC-41E9-B69A-861592F19340}.Debug|Any CPU.ActiveCfg = Debug|Any CPU
		{24BD0715-E8BC-41E9-B69A-861592F19340}.Debug|Any CPU.Build.0 = Debug|Any CPU
		{24BD0715-E8BC-41E9-B69A-861592F19340}.Release|Any CPU.ActiveCfg = Release|Any CPU
		{24BD0715-E8BC-41E9-B69A-861592F19340}.Release|Any CPU.Build.0 = Release|Any CPU
		{24BD0715-E8BC-41E9-B69A-861592F19340}.Debug|iPhoneSimulator.ActiveCfg = Debug|Any CPU
		{24BD0715-E8BC-41E9-B69A-861592F19340}.Debug|iPhoneSimulator.Build.0 = Debug|Any CPU
		{24BD0715-E8BC-41E9-B69A-861592F19340}.Release|iPhoneSimulator.ActiveCfg = Release|Any CPU
		{24BD0715-E8BC-41E9-B69A-861592F19340}.Release|iPhoneSimulator.Build.0 = Release|Any CPU
		{24BD0715-E8BC-41E9-B69A-861592F19340}.Debug|iPhone.ActiveCfg = Debug|Any CPU
		{24BD0715-E8BC-41E9-B69A-861592F19340}.Debug|iPhone.Build.0 = Debug|Any CPU
		{24BD0715-E8BC-41E9-B69A-861592F19340}.Release|iPhone.ActiveCfg = Release|Any CPU
		{24BD0715-E8BC-41E9-B69A-861592F19340}.Release|iPhone.Build.0 = Release|Any CPU
	EndGlobalSection
EndGlobal
